
Microsoft Visual Studio Solution File, Format Version 12.00
# Visual Studio Version 16
VisualStudioVersion = 16.0.29609.76
MinimumVisualStudioVersion = 10.0.40219.1
Project("{FAE04EC0-301F-11D3-BF4B-00C04F79EFBC}") = "DuplicateEncoder", "DuplicateEncoder\DuplicateEncoder.csproj", "{80884A54-1B85-4BA2-8242-013D59130C29}"
EndProject
Project("{FAE04EC0-301F-11D3-BF4B-00C04F79EFBC}") = "DuplicateEncoderTest", "DuplicateEncoderTest\DuplicateEncoderTest.csproj", "{F0D3A703-0010-483C-873E-D6035D9AA6E7}"
EndProject
Global
	GlobalSection(SolutionConfigurationPlatforms) = preSolution
		Debug|Any CPU = Debug|Any CPU
		Release|Any CPU = Release|Any CPU
	EndGlobalSection
	GlobalSection(ProjectConfigurationPlatforms) = postSolution
		{80884A54-1B85-4BA2-8242-013D59130C29}.Debug|Any CPU.ActiveCfg = Debug|Any CPU
		{80884A54-1B85-4BA2-8242-013D59130C29}.Debug|Any CPU.Build.0 = Debug|Any CPU
		{80884A54-1B85-4BA2-8242-013D59130C29}.Release|Any CPU.ActiveCfg = Release|Any CPU
		{80884A54-1B85-4BA2-8242-013D59130C29}.Release|Any CPU.Build.0 = Release|Any CPU
		{F0D3A703-0010-483C-873E-D6035D9AA6E7}.Debug|Any CPU.ActiveCfg = Debug|Any CPU
		{F0D3A703-0010-483C-873E-D6035D9AA6E7}.Debug|Any CPU.Build.0 = Debug|Any CPU
		{F0D3A703-0010-483C-873E-D6035D9AA6E7}.Release|Any CPU.ActiveCfg = Release|Any CPU
		{F0D3A703-0010-483C-873E-D6035D9AA6E7}.Release|Any CPU.Build.0 = Release|Any CPU
	EndGlobalSection
	GlobalSection(SolutionProperties) = preSolution
		HideSolutionNode = FALSE
	EndGlobalSection
	GlobalSection(ExtensibilityGlobals) = postSolution
		SolutionGuid = {30BE2C35-9E13-49F4-B05F-B8083EB05807}
	EndGlobalSection
EndGlobal
