
Microsoft Visual Studio Solution File, Format Version 12.00
# Visual Studio Version 16
VisualStudioVersion = 16.0.29609.76
MinimumVisualStudioVersion = 10.0.40219.1
Project("{FAE04EC0-301F-11D3-BF4B-00C04F79EFBC}") = "StringEndsWithKata", "StringEndsWithKata\StringEndsWithKata.csproj", "{2638CF7B-59A8-461A-B91C-9EDA8FE5531C}"
EndProject
Project("{FAE04EC0-301F-11D3-BF4B-00C04F79EFBC}") = "StringEndsWithKataTest", "StringEndsWithKataTest\StringEndsWithKataTest.csproj", "{E92EB196-20BA-4B1F-A591-06D898D0D8A4}"
EndProject
Global
	GlobalSection(SolutionConfigurationPlatforms) = preSolution
		Debug|Any CPU = Debug|Any CPU
		Release|Any CPU = Release|Any CPU
	EndGlobalSection
	GlobalSection(ProjectConfigurationPlatforms) = postSolution
		{2638CF7B-59A8-461A-B91C-9EDA8FE5531C}.Debug|Any CPU.ActiveCfg = Debug|Any CPU
		{2638CF7B-59A8-461A-B91C-9EDA8FE5531C}.Debug|Any CPU.Build.0 = Debug|Any CPU
		{2638CF7B-59A8-461A-B91C-9EDA8FE5531C}.Release|Any CPU.ActiveCfg = Release|Any CPU
		{2638CF7B-59A8-461A-B91C-9EDA8FE5531C}.Release|Any CPU.Build.0 = Release|Any CPU
		{E92EB196-20BA-4B1F-A591-06D898D0D8A4}.Debug|Any CPU.ActiveCfg = Debug|Any CPU
		{E92EB196-20BA-4B1F-A591-06D898D0D8A4}.Debug|Any CPU.Build.0 = Debug|Any CPU
		{E92EB196-20BA-4B1F-A591-06D898D0D8A4}.Release|Any CPU.ActiveCfg = Release|Any CPU
		{E92EB196-20BA-4B1F-A591-06D898D0D8A4}.Release|Any CPU.Build.0 = Release|Any CPU
	EndGlobalSection
	GlobalSection(SolutionProperties) = preSolution
		HideSolutionNode = FALSE
	EndGlobalSection
	GlobalSection(ExtensibilityGlobals) = postSolution
		SolutionGuid = {ACB29826-04EC-45C8-BCCA-B15BA8113C94}
	EndGlobalSection
EndGlobal
